
Microsoft Visual Studio Solution File, Format Version 12.00
# Visual Studio 15
VisualStudioVersion = 15.0.28307.1831
MinimumVisualStudioVersion = 10.0.40219.1
Project("{FAE04EC0-301F-11D3-BF4B-00C04F79EFBC}") = "Airport desktop", "Airport desktop\Airport desktop.csproj", "{D984575C-E2BD-48C4-92E3-BBBB6ECF17BC}"
EndProject
Global
	GlobalSection(SolutionConfigurationPlatforms) = preSolution
		Debug|Any CPU = Debug|Any CPU
		Release|Any CPU = Release|Any CPU
	EndGlobalSection
	GlobalSection(ProjectConfigurationPlatforms) = postSolution
		{D984575C-E2BD-48C4-92E3-BBBB6ECF17BC}.Debug|Any CPU.ActiveCfg = Debug|Any CPU
		{D984575C-E2BD-48C4-92E3-BBBB6ECF17BC}.Debug|Any CPU.Build.0 = Debug|Any CPU
		{D984575C-E2BD-48C4-92E3-BBBB6ECF17BC}.Release|Any CPU.ActiveCfg = Release|Any CPU
		{D984575C-E2BD-48C4-92E3-BBBB6ECF17BC}.Release|Any CPU.Build.0 = Release|Any CPU
	EndGlobalSection
	GlobalSection(SolutionProperties) = preSolution
		HideSolutionNode = FALSE
	EndGlobalSection
	GlobalSection(ExtensibilityGlobals) = postSolution
		SolutionGuid = {D06C7D7F-508B-492B-BAFE-E5EFC71CBDF7}
	EndGlobalSection
EndGlobal
